// !$*UTF8*$!
{
	archiveVersion = 1;
	classes = {
	};
	objectVersion = 46;
	objects = {

/* Begin PBXBuildFile section */
		5173C84D1D604D86003B51CB /* AppDelegate.swift in Sources */ = {isa = PBXBuildFile; fileRef = 5173C84C1D604D86003B51CB /* AppDelegate.swift */; };
		5173C84F1D604D86003B51CB /* ViewController.swift in Sources */ = {isa = PBXBuildFile; fileRef = 5173C84E1D604D86003B51CB /* ViewController.swift */; };
		5173C8521D604D86003B51CB /* Main.storyboard in Resources */ = {isa = PBXBuildFile; fileRef = 5173C8501D604D86003B51CB /* Main.storyboard */; };
		5173C8541D604D86003B51CB /* Assets.xcassets in Resources */ = {isa = PBXBuildFile; fileRef = 5173C8531D604D86003B51CB /* Assets.xcassets */; };
		5173C8571D604D86003B51CB /* LaunchScreen.storyboard in Resources */ = {isa = PBXBuildFile; fileRef = 5173C8551D604D86003B51CB /* LaunchScreen.storyboard */; };
/* End PBXBuildFile section */

/* Begin PBXFileReference section */
		5173C8491D604D86003B51CB /* Gotit.app */ = {isa = PBXFileReference; explicitFileType = wrapper.application; includeInIndex = 0; path = Gotit.app; sourceTree = BUILT_PRODUCTS_DIR; };
		5173C84C1D604D86003B51CB /* AppDelegate.swift */ = {isa = PBXFileReference; lastKnownFileType = sourcecode.swift; path = AppDelegate.swift; sourceTree = "<group>"; };
		5173C84E1D604D86003B51CB /* ViewController.swift */ = {isa = PBXFileReference; lastKnownFileType = sourcecode.swift; path = ViewController.swift; sourceTree = "<group>"; };
		5173C8511D604D86003B51CB /* Base */ = {isa = PBXFileReference; lastKnownFileType = file.storyboard; name = Base; path = Base.lproj/Main.storyboard; sourceTree = "<group>"; };
		5173C8531D604D86003B51CB /* Assets.xcassets */ = {isa = PBXFileReference; lastKnownFileType = folder.assetcatalog; path = Assets.xcassets; sourceTree = "<group>"; };
		5173C8561D604D86003B51CB /* Base */ = {isa = PBXFileReference; lastKnownFileType = file.storyboard; name = Base; path = Base.lproj/LaunchScreen.storyboard; sourceTree = "<group>"; };
		5173C8581D604D86003B51CB /* Info.plist */ = {isa = PBXFileReference; lastKnownFileType = text.plist.xml; path = Info.plist; sourceTree = "<group>"; };
/* End PBXFileReference section */

/* Begin PBXFrameworksBuildPhase section */
		5173C8461D604D86003B51CB /* Frameworks */ = {
			isa = PBXFrameworksBuildPhase;
			buildActionMask = 2147483647;
			files = (
			);
			runOnlyForDeploymentPostprocessing = 0;
		};
/* End PBXFrameworksBuildPhase section */

/* Begin PBXGroup section */
		5173C8401D604D86003B51CB = {
			isa = PBXGroup;
			children = (
				5173C84B1D604D86003B51CB /* Gotit */,
				5173C84A1D604D86003B51CB /* Products */,
			);
			sourceTree = "<group>";
		};
		5173C84A1D604D86003B51CB /* Products */ = {
			isa = PBXGroup;
			children = (
				5173C8491D604D86003B51CB /* Gotit.app */,
			);
			name = Products;
			sourceTree = "<group>";
		};
		5173C84B1D604D86003B51CB /* Gotit */ = {
			isa = PBXGroup;
			children = (
				5173C84C1D604D86003B51CB /* AppDelegate.swift */,
				5173C84E1D604D86003B51CB /* ViewController.swift */,
				5173C8501D604D86003B51CB /* Main.storyboard */,
				5173C8531D604D86003B51CB /* Assets.xcassets */,
				5173C8551D604D86003B51CB /* LaunchScreen.storyboard */,
				5173C8581D604D86003B51CB /* Info.plist */,
			);
			path = Gotit;
			sourceTree = "<group>";
		};
/* End PBXGroup section */

/* Begin PBXNativeTarget section */
		5173C8481D604D86003B51CB /* Gotit */ = {
			isa = PBXNativeTarget;
			buildConfigurationList = 5173C85B1D604D86003B51CB /* Build configuration list for PBXNativeTarget "Gotit" */;
			buildPhases = (
				5173C8451D604D86003B51CB /* Sources */,
				5173C8461D604D86003B51CB /* Frameworks */,
				5173C8471D604D86003B51CB /* Resources */,
			);
			buildRules = (
			);
			dependencies = (
			);
			name = Gotit;
			productName = Gotit;
			productReference = 5173C8491D604D86003B51CB /* Gotit.app */;
			productType = "com.apple.product-type.application";
		};
/* End PBXNativeTarget section */

/* Begin PBXProject section */
		5173C8411D604D86003B51CB /* Project object */ = {
			isa = PBXProject;
			attributes = {
				LastSwiftUpdateCheck = 0800;
				LastUpgradeCheck = 0800;
				ORGANIZATIONNAME = Nosupe4u;
				TargetAttributes = {
					5173C8481D604D86003B51CB = {
						CreatedOnToolsVersion = 8.0;
						DevelopmentTeam = J845W7V598;
						ProvisioningStyle = Automatic;
					};
				};
			};
			buildConfigurationList = 5173C8441D604D86003B51CB /* Build configuration list for PBXProject "Gotit" */;
			compatibilityVersion = "Xcode 3.2";
			developmentRegion = English;
			hasScannedForEncodings = 0;
			knownRegions = (
				en,
				Base,
			);
			mainGroup = 5173C8401D604D86003B51CB;
			productRefGroup = 5173C84A1D604D86003B51CB /* Products */;
			projectDirPath = "";
			projectRoot = "";
			targets = (
				5173C8481D604D86003B51CB /* Gotit */,
			);
		};
/* End PBXProject section */

/* Begin PBXResourcesBuildPhase section */
		5173C8471D604D86003B51CB /* Resources */ = {
			isa = PBXResourcesBuildPhase;
			buildActionMask = 2147483647;
			files = (
				5173C8571D604D86003B51CB /* LaunchScreen.storyboard in Resources */,
				5173C8541D604D86003B51CB /* Assets.xcassets in Resources */,
				5173C8521D604D86003B51CB /* Main.storyboard in Resources */,
			);
			runOnlyForDeploymentPostprocessing = 0;
		};
/* End PBXResourcesBuildPhase section */

/* Begin PBXSourcesBuildPhase section */
		5173C8451D604D86003B51CB /* Sources */ = {
			isa = PBXSourcesBuildPhase;
			buildActionMask = 2147483647;
			files = (
				5173C84F1D604D86003B51CB /* ViewController.swift in Sources */,
				5173C84D1D604D86003B51CB /* AppDelegate.swift in Sources */,
			);
			runOnlyForDeploymentPostprocessing = 0;
		};
/* End PBXSourcesBuildPhase section */

/* Begin PBXVariantGroup section */
		5173C8501D604D86003B51CB /* Main.storyboard */ = {
			isa = PBXVariantGroup;
			children = (
				5173C8511D604D86003B51CB /* Base */,
			);
			name = Main.storyboard;
			sourceTree = "<group>";
		};
		5173C8551D604D86003B51CB /* LaunchScreen.storyboard */ = {
			isa = PBXVariantGroup;
			children = (
				5173C8561D604D86003B51CB /* Base */,
			);
			name = LaunchScreen.storyboard;
			sourceTree = "<group>";
		};
/* End PBXVariantGroup section */

/* Begin XCBuildConfiguration section */
		5173C8591D604D86003B51CB /* Debug */ = {
			isa = XCBuildConfiguration;
			buildSettings = {
				ALWAYS_SEARCH_USER_PATHS = NO;
				CLANG_ANALYZER_NONNULL = YES;
				CLANG_CXX_LANGUAGE_STANDARD = "gnu++0x";
				CLANG_CXX_LIBRARY = "libc++";
				CLANG_ENABLE_MODULES = YES;
				CLANG_ENABLE_OBJC_ARC = YES;
				CLANG_WARN_BOOL_CONVERSION = YES;
				CLANG_WARN_CONSTANT_CONVERSION = YES;
				CLANG_WARN_DIRECT_OBJC_ISA_USAGE = YES_ERROR;
				CLANG_WARN_DOCUMENTATION_COMMENTS = YES;
				CLANG_WARN_EMPTY_BODY = YES;
				CLANG_WARN_ENUM_CONVERSION = YES;
				CLANG_WARN_INFINITE_RECURSION = YES;
				CLANG_WARN_INT_CONVERSION = YES;
				CLANG_WARN_OBJC_ROOT_CLASS = YES_ERROR;
				CLANG_WARN_SUSPICIOUS_MOVES = YES;
				CLANG_WARN_UNREACHABLE_CODE = YES;
				CLANG_WARN__DUPLICATE_METHOD_MATCH = YES;
				"CODE_SIGN_IDENTITY[sdk=iphoneos*]" = "iPhone Developer";
				COPY_PHASE_STRIP = NO;
				DEBUG_INFORMATION_FORMAT = dwarf;
				ENABLE_STRICT_OBJC_MSGSEND = YES;
				ENABLE_TESTABILITY = YES;
				GCC_C_LANGUAGE_STANDARD = gnu99;
				GCC_DYNAMIC_NO_PIC = NO;
				GCC_NO_COMMON_BLOCKS = YES;
				GCC_OPTIMIZATION_LEVEL = 0;
				GCC_PREPROCESSOR_DEFINITIONS = (
					"DEBUG=1",
					"$(inherited)",
				);
				GCC_WARN_64_TO_32_BIT_CONVERSION = YES;
				GCC_WARN_ABOUT_RETURN_TYPE = YES_ERROR;
				GCC_WARN_UNDECLARED_SELECTOR = YES;
				GCC_WARN_UNINITIALIZED_AUTOS = YES_AGGRESSIVE;
				GCC_WARN_UNUSED_FUNCTION = YES;
				GCC_WARN_UNUSED_VARIABLE = YES;
				IPHONEOS_DEPLOYMENT_TARGET = 10.0;
				MTL_ENABLE_DEBUG_INFO = YES;
				ONLY_ACTIVE_ARCH = YES;
				SDKROOT = iphoneos;
				SWIFT_ACTIVE_COMPILATION_CONDITIONS = DEBUG;
				SWIFT_OPTIMIZATION_LEVEL = "-Onone";
				TARGETED_DEVICE_FAMILY = "1,2";
			};
			name = Debug;
		};
		5173C85A1D604D86003B51CB /* Release */ = {
			isa = XCBuildConfiguration;
			buildSettings = {
				ALWAYS_SEARCH_USER_PATHS = NO;
				CLANG_ANALYZER_NONNULL = YES;
				CLANG_CXX_LANGUAGE_STANDARD = "gnu++0x";
				CLANG_CXX_LIBRARY = "libc++";
				CLANG_ENABLE_MODULES = YES;
				CLANG_ENABLE_OBJC_ARC = YES;
				CLANG_WARN_BOOL_CONVERSION = YES;
				CLANG_WARN_CONSTANT_CONVERSION = YES;
				CLANG_WARN_DIRECT_OBJC_ISA_USAGE = YES_ERROR;
				CLANG_WARN_DOCUMENTATION_COMMENTS = YES;
				CLANG_WARN_EMPTY_BODY = YES;
				CLANG_WARN_ENUM_CONVERSION = YES;
				CLANG_WARN_INFINITE_RECURSION = YES;
				CLANG_WARN_INT_CONVERSION = YES;
				CLANG_WARN_OBJC_ROOT_CLASS = YES_ERROR;
				CLANG_WARN_SUSPICIOUS_MOVES = YES;
				CLANG_WARN_UNREACHABLE_CODE = YES;
				CLANG_WARN__DUPLICATE_METHOD_MATCH = YES;
				"CODE_SIGN_IDENTITY[sdk=iphoneos*]" = "iPhone Developer";
				COPY_PHASE_STRIP = NO;
				DEBUG_INFORMATION_FORMAT = "dwarf-with-dsym";
				ENABLE_NS_ASSERTIONS = NO;
				ENABLE_STRICT_OBJC_MSGSEND = YES;
				GCC_C_LANGUAGE_STANDARD = gnu99;
				GCC_NO_COMMON_BLOCKS = YES;
				GCC_WARN_64_TO_32_BIT_CONVERSION = YES;
				GCC_WARN_ABOUT_RETURN_TYPE = YES_ERROR;
				GCC_WARN_UNDECLARED_SELECTOR = YES;
				GCC_WARN_UNINITIALIZED_AUTOS = YES_AGGRESSIVE;
				GCC_WARN_UNUSED_FUNCTION = YES;
				GCC_WARN_UNUSED_VARIABLE = YES;
				IPHONEOS_DEPLOYMENT_TARGET = 10.0;
				MTL_ENABLE_DEBUG_INFO = NO;
				SDKROOT = iphoneos;
				SWIFT_OPTIMIZATION_LEVEL = "-Owholemodule";
				TARGETED_DEVICE_FAMILY = "1,2";
				VALIDATE_PRODUCT = YES;
			};
			name = Release;
		};
		5173C85C1D604D86003B51CB /* Debug */ = {
			isa = XCBuildConfiguration;
			buildSettings = {
				ASSETCATALOG_COMPILER_APPICON_NAME = AppIcon;
				DEVELOPMENT_TEAM = J845W7V598;
				INFOPLIST_FILE = Gotit/Info.plist;
				LD_RUNPATH_SEARCH_PATHS = "$(inherited) @executable_path/Frameworks";
				PRODUCT_BUNDLE_IDENTIFIER = com.nosupe.Gotit;
				PRODUCT_NAME = "$(TARGET_NAME)";
				SWIFT_VERSION = 3.0;
			};
			name = Debug;
		};
		5173C85D1D604D86003B51CB /* Release */ = {
			isa = XCBuildConfiguration;
			buildSettings = {
				ASSETCATALOG_COMPILER_APPICON_NAME = AppIcon;
				DEVELOPMENT_TEAM = J845W7V598;
				INFOPLIST_FILE = Gotit/Info.plist;
				LD_RUNPATH_SEARCH_PATHS = "$(inherited) @executable_path/Frameworks";
				PRODUCT_BUNDLE_IDENTIFIER = com.nosupe.Gotit;
				PRODUCT_NAME = "$(TARGET_NAME)";
				SWIFT_VERSION = 3.0;
			};
			name = Release;
		};
/* End XCBuildConfiguration section */

/* Begin XCConfigurationList section */
		5173C8441D604D86003B51CB /* Build configuration list for PBXProject "Gotit" */ = {
			isa = XCConfigurationList;
			buildConfigurations = (
				5173C8591D604D86003B51CB /* Debug */,
				5173C85A1D604D86003B51CB /* Release */,
			);
			defaultConfigurationIsVisible = 0;
			defaultConfigurationName = Release;
		};
		5173C85B1D604D86003B51CB /* Build configuration list for PBXNativeTarget "Gotit" */ = {
			isa = XCConfigurationList;
			buildConfigurations = (
				5173C85C1D604D86003B51CB /* Debug */,
				5173C85D1D604D86003B51CB /* Release */,
			);
			defaultConfigurationIsVisible = 0;
		};
/* End XCConfigurationList section */
	};
	rootObject = 5173C8411D604D86003B51CB /* Project object */;
}
